
Microsoft Visual Studio Solution File, Format Version 12.00
# Visual Studio Version 17
VisualStudioVersion = 17.1.32407.343
MinimumVisualStudioVersion = 10.0.40219.1
Project("{9A19103F-16F7-4668-BE54-9A1E7A4F7556}") = "FanControl.ThermaltakeRiingPlus", "FanControlThermaltake\FanControl.ThermaltakeRiingPlus.csproj", "{EEDDA466-17A6-47EC-9D14-FA204D29D0D3}"
EndProject
Project("{FAE04EC0-301F-11D3-BF4B-00C04F79EFBC}") = "ThermaltakeRiingPlusTest", "ThermaltakeRiingPlusTest\ThermaltakeRiingPlusTest.csproj", "{94979930-644E-4FE6-B644-21AA5ECCE591}"
EndProject
Global
	GlobalSection(SolutionConfigurationPlatforms) = preSolution
		Debug|Any CPU = Debug|Any CPU
		Release|Any CPU = Release|Any CPU
	EndGlobalSection
	GlobalSection(ProjectConfigurationPlatforms) = postSolution
		{EEDDA466-17A6-47EC-9D14-FA204D29D0D3}.Debug|Any CPU.ActiveCfg = Debug|Any CPU
		{EEDDA466-17A6-47EC-9D14-FA204D29D0D3}.Debug|Any CPU.Build.0 = Debug|Any CPU
		{EEDDA466-17A6-47EC-9D14-FA204D29D0D3}.Release|Any CPU.ActiveCfg = Release|Any CPU
		{EEDDA466-17A6-47EC-9D14-FA204D29D0D3}.Release|Any CPU.Build.0 = Release|Any CPU
		{94979930-644E-4FE6-B644-21AA5ECCE591}.Debug|Any CPU.ActiveCfg = Debug|Any CPU
		{94979930-644E-4FE6-B644-21AA5ECCE591}.Debug|Any CPU.Build.0 = Debug|Any CPU
		{94979930-644E-4FE6-B644-21AA5ECCE591}.Release|Any CPU.ActiveCfg = Release|Any CPU
		{94979930-644E-4FE6-B644-21AA5ECCE591}.Release|Any CPU.Build.0 = Release|Any CPU
	EndGlobalSection
	GlobalSection(SolutionProperties) = preSolution
		HideSolutionNode = FALSE
	EndGlobalSection
	GlobalSection(ExtensibilityGlobals) = postSolution
		SolutionGuid = {6F572AD1-0AB5-44F9-9E54-BD0422D1E334}
	EndGlobalSection
EndGlobal
